#MicroXplorer Configuration settings - do not modify
#Sun Mar 15 17:58:02 CET 2015
File.Version=5
KeepUserPlacement=false
Mcu.Family=STM32F4
Mcu.IP0=DCMI
Mcu.IP1=I2C2
Mcu.IP10=USART3
Mcu.IP2=I2C3
Mcu.IP3=NVIC
Mcu.IP4=RCC
Mcu.IP5=SPI2
Mcu.IP6=SPI4
Mcu.IP7=SYS
Mcu.IP8=TIM5
Mcu.IP9=TIM8
Mcu.IPNb=11
Mcu.Name=STM32F427V(G-I)Tx
Mcu.Package=LQFP100
Mcu.Pin0=PH0/OSC_IN
Mcu.Pin1=PH1/OSC_OUT
Mcu.Pin10=PE14
Mcu.Pin11=PE15
Mcu.Pin12=PB10
Mcu.Pin13=PB11
Mcu.Pin14=PB12
Mcu.Pin15=PB13
Mcu.Pin16=PB14
Mcu.Pin17=PB15
Mcu.Pin18=PD8
Mcu.Pin19=PD9
Mcu.Pin2=PA0/WKUP
Mcu.Pin20=PD11
Mcu.Pin21=PD12
Mcu.Pin22=PD13
Mcu.Pin23=PD14
Mcu.Pin24=PD15
Mcu.Pin25=PC6
Mcu.Pin26=PC7
Mcu.Pin27=PC8
Mcu.Pin28=PC9
Mcu.Pin29=PA8
Mcu.Pin3=PA1
Mcu.Pin30=PA9
Mcu.Pin31=PA10
Mcu.Pin32=PA13
Mcu.Pin33=PA14
Mcu.Pin34=PC11
Mcu.Pin35=PD0
Mcu.Pin36=PD1
Mcu.Pin37=PB3
Mcu.Pin38=PB6
Mcu.Pin39=PB7
Mcu.Pin4=PA2
Mcu.Pin40=PB8
Mcu.Pin41=PB9
Mcu.Pin42=PE0
Mcu.Pin43=PE1
Mcu.Pin5=PA4
Mcu.Pin6=PA6
Mcu.Pin7=PE11
Mcu.Pin8=PE12
Mcu.Pin9=PE13
Mcu.PinsNb=44
Mcu.UserName=STM32F427VITx
MxCube.Version=4.6.0
MxDb.Version=DB.4.0.60
NVIC.PriorityGroup=NVIC_PRIORITYGROUP_4
NVIC.SysTick_IRQn=true\:0\:0\:false
PA0/WKUP.Locked=true
PA0/WKUP.Signal=S_TIM5_CH1
PA1.Locked=true
PA1.Signal=S_TIM5_CH2
PA10.Locked=true
PA10.Mode=Slave_8_bits_External_Synchro
PA10.Signal=DCMI_D1
PA13.Locked=true
PA13.Mode=Trace-Asynchronous_SW
PA13.Signal=SYS_JTMS-SWDIO
PA14.Locked=true
PA14.Mode=Trace-Asynchronous_SW
PA14.Signal=SYS_JTCK-SWCLK
PA2.Locked=true
PA2.Signal=S_TIM5_CH3
PA4.Locked=true
PA4.Mode=Slave_8_bits_External_Synchro
PA4.Signal=DCMI_HSYNC
PA6.Locked=true
PA6.Mode=Slave_8_bits_External_Synchro
PA6.Signal=DCMI_PIXCK
PA8.Locked=true
PA8.Mode=I2C
PA8.Signal=I2C3_SCL
PA9.Locked=true
PA9.Mode=Slave_8_bits_External_Synchro
PA9.Signal=DCMI_D0
PB10.Locked=true
PB10.Mode=I2C
PB10.Signal=I2C2_SCL
PB11.Locked=true
PB11.Mode=I2C
PB11.Signal=I2C2_SDA
PB12.Locked=true
PB12.Mode=NSS_Signal_Hard
PB12.Signal=SPI2_NSS
PB13.Locked=true
PB13.Mode=Full_Duplex_Master
PB13.Signal=SPI2_SCK
PB14.Locked=true
PB14.Mode=Full_Duplex_Master
PB14.Signal=SPI2_MISO
PB15.Locked=true
PB15.Mode=Full_Duplex_Master
PB15.Signal=SPI2_MOSI
PB3.Locked=true
PB3.Mode=Trace-Asynchronous_SW
PB3.Signal=SYS_JTDO-SWO
PB6.Locked=true
PB6.Mode=Slave_8_bits_External_Synchro
PB6.Signal=DCMI_D5
PB7.Locked=true
PB7.Mode=Slave_8_bits_External_Synchro
PB7.Signal=DCMI_VSYNC
PB8.Locked=true
PB8.Mode=Slave_8_bits_External_Synchro
PB8.Signal=DCMI_D6
PB9.Locked=true
PB9.Mode=Slave_8_bits_External_Synchro
PB9.Signal=DCMI_D7
PC11.Locked=true
PC11.Mode=Slave_8_bits_External_Synchro
PC11.Signal=DCMI_D4
PC6.Locked=true
PC6.Signal=S_TIM8_CH1
PC7.Locked=true
PC7.Signal=S_TIM8_CH2
PC8.Locked=true
PC8.Signal=S_TIM8_CH3
PC9.Locked=true
PC9.Mode=I2C
PC9.Signal=I2C3_SDA
PCC.Family=STM32F4
PCC.MCU=STM32F427V(G-I)Tx
PCC.MXVersion=4.6.0
PCC.PartNumber=STM32F427VITx
PCC.Seq0=0
PCC.SubFamily=STM32F427/437
PCC.Temperature=25
PCC.Vdd=null
PD0.Locked=true
PD0.Signal=GPXTI0
PD1.Locked=true
PD1.Signal=GPXTI1
PD11.Locked=true
PD11.Mode=CTS_RTS
PD11.Signal=USART3_CTS
PD12.Locked=true
PD12.Mode=CTS_RTS
PD12.Signal=USART3_RTS
PD13.Locked=true
PD13.Signal=GPIO_Input
PD14.Locked=true
PD14.Signal=GPIO_Output
PD15.Locked=true
PD15.Signal=GPIO_Output
PD8.Locked=true
PD8.Mode=Asynchronous
PD8.Signal=USART3_TX
PD9.Locked=true
PD9.Mode=Asynchronous
PD9.Signal=USART3_RX
PE0.Locked=true
PE0.Mode=Slave_8_bits_External_Synchro
PE0.Signal=DCMI_D2
PE1.Locked=true
PE1.Mode=Slave_8_bits_External_Synchro
PE1.Signal=DCMI_D3
PE11.Locked=true
PE11.Mode=NSS_Signal_Hard
PE11.Signal=SPI4_NSS
PE12.Locked=true
PE12.Mode=Full_Duplex_Master
PE12.Signal=SPI4_SCK
PE13.Locked=true
PE13.Mode=Full_Duplex_Master
PE13.Signal=SPI4_MISO
PE14.Locked=true
PE14.Mode=Full_Duplex_Master
PE14.Signal=SPI4_MOSI
PE15.Locked=true
PE15.Signal=GPXTI15
PH0/OSC_IN.Locked=true
PH0/OSC_IN.Mode=HSE-External-Oscillator
PH0/OSC_IN.Signal=RCC_OSC_IN
PH1/OSC_OUT.Locked=true
PH1/OSC_OUT.Mode=HSE-External-Oscillator
PH1/OSC_OUT.Signal=RCC_OSC_OUT
RCC.48MHZClocksFreq_Value=384000000
RCC.AHBFreq_Value=16000000
RCC.APB1Freq_Value=16000000
RCC.APB2Freq_Value=16000000
RCC.FamilyName=M
RCC.HSE_VALUE=8000000
RCC.HSI_VALUE=16000000
RCC.I2SClocksFreq_Value=768000000
RCC.IPParameters=LSI_VALUE,VcooutputI2SQ,SAI_AClocksFreq_Value,APB2Freq_Value,48MHZClocksFreq_Value,AHBFreq_Value,VCOInputFreq_Value,I2SClocksFreq_Value,VCOSAIOutputFreq_Value,SYSCLKFreq_VALUE,HSE_VALUE,HSI_VALUE,VCOSAIOutputFreq_ValueQ,VCOI2SOutputFreq_Value,LCDTFTFreq_Value,VCOSAIOutputFreq_ValueR,PLLCLKFreq_Value,RTCFreq_Value,FamilyName,PLLM,VCOOutputFreq_Value,VcooutputI2S,SAI_BClocksFreq_Value,APB1Freq_Value,RTCHSEDivFreq_Value
RCC.LCDTFTFreq_Value=98000000
RCC.LSI_VALUE=32000
RCC.PLLCLKFreq_Value=768000000
RCC.PLLM=2
RCC.RTCFreq_Value=32000
RCC.RTCHSEDivFreq_Value=4000000
RCC.SAI_AClocksFreq_Value=98000000
RCC.SAI_BClocksFreq_Value=98000000
RCC.SYSCLKFreq_VALUE=16000000
RCC.VCOI2SOutputFreq_Value=1536000000
RCC.VCOInputFreq_Value=8000000
RCC.VCOOutputFreq_Value=1536000000
RCC.VCOSAIOutputFreq_Value=392000000
RCC.VCOSAIOutputFreq_ValueQ=98000000
RCC.VCOSAIOutputFreq_ValueR=196000000
RCC.VcooutputI2S=768000000
RCC.VcooutputI2SQ=768000000
SH.GPXTI0.0=GPIO_EXTI0
SH.GPXTI0.ConfNb=1
SH.GPXTI1.0=GPIO_EXTI1
SH.GPXTI1.ConfNb=1
SH.GPXTI15.0=GPIO_EXTI15
SH.GPXTI15.ConfNb=1
SH.S_TIM5_CH1.0=TIM5_CH1,PWM Generation1 CH1
SH.S_TIM5_CH1.ConfNb=1
SH.S_TIM5_CH2.0=TIM5_CH2,PWM Generation2 CH2
SH.S_TIM5_CH2.ConfNb=1
SH.S_TIM5_CH3.0=TIM5_CH3,PWM Generation3 CH3
SH.S_TIM5_CH3.ConfNb=1
SH.S_TIM8_CH1.0=TIM8_CH1,PWM Generation1 CH1
SH.S_TIM8_CH1.ConfNb=1
SH.S_TIM8_CH2.0=TIM8_CH2,PWM Generation2 CH2
SH.S_TIM8_CH2.ConfNb=1
SH.S_TIM8_CH3.0=TIM8_CH3,PWM Generation3 CH3
SH.S_TIM8_CH3.ConfNb=1
SPI2.CalculateBaudRate-Full_Duplex_Master=8.0 MBits/s
SPI2.IPParameters=Mode-Full_Duplex_Master,CalculateBaudRate-Full_Duplex_Master,VirtualNSS
SPI2.Mode-Full_Duplex_Master=SPI_MODE_MASTER
SPI2.VirtualNSS=VM_NSSHARD
SPI4.CalculateBaudRate-Full_Duplex_Master=8.0 MBits/s
SPI4.IPParameters=Mode-Full_Duplex_Master,CalculateBaudRate-Full_Duplex_Master,VirtualNSS
SPI4.Mode-Full_Duplex_Master=SPI_MODE_MASTER
SPI4.VirtualNSS=VM_NSSHARD
TIM5.Channel-PWM\ Generation2\ CH2=TIM_CHANNEL_2
TIM5.Channel-PWM\ Generation3\ CH3=TIM_CHANNEL_3
TIM5.IPParameters=Channel-PWM Generation2 CH2,Channel-PWM Generation3 CH3
TIM8.Channel-PWM\ Generation2\ CH2=TIM_CHANNEL_2
TIM8.Channel-PWM\ Generation3\ CH3=TIM_CHANNEL_3
TIM8.IPParameters=Channel-PWM Generation2 CH2,Channel-PWM Generation3 CH3
